// !$*UTF8*$!
{
	archiveVersion = 1;
	classes = {
	};
	objectVersion = 50;
	objects = {

/* Begin PBXBuildFile section */
		9C0828DD240841A7007C201B /* Error+CustomErrors.swift in Sources */ = {isa = PBXBuildFile; fileRef = 9C0828DC240841A7007C201B /* Error+CustomErrors.swift */; };
		9C0828E124084390007C201B /* Stack.swift in Sources */ = {isa = PBXBuildFile; fileRef = 9C0828DE24084390007C201B /* Stack.swift */; };
		9C0828E224084390007C201B /* Bag.swift in Sources */ = {isa = PBXBuildFile; fileRef = 9C0828DF24084390007C201B /* Bag.swift */; };
		9C0828E324084390007C201B /* Queue.swift in Sources */ = {isa = PBXBuildFile; fileRef = 9C0828E024084390007C201B /* Queue.swift */; };
		9C17718B2405C779004B26C2 /* DFS.swift in Sources */ = {isa = PBXBuildFile; fileRef = 9C17718A2405C779004B26C2 /* DFS.swift */; };
		9C17718F2405D097004B26C2 /* BipartiteGraph.swift in Sources */ = {isa = PBXBuildFile; fileRef = 9C17718E2405D097004B26C2 /* BipartiteGraph.swift */; };
		9C1771922405EB67004B26C2 /* 547.FriendCircles.swift in Sources */ = {isa = PBXBuildFile; fileRef = 9C1771912405EB67004B26C2 /* 547.FriendCircles.swift */; };
		9C35127D23F21FFA0082D3B7 /* main.swift in Sources */ = {isa = PBXBuildFile; fileRef = 9C35127C23F21FFA0082D3B7 /* main.swift */; };
		9C35128523F220820082D3B7 /* Searching.swift in Sources */ = {isa = PBXBuildFile; fileRef = 9C35128423F220820082D3B7 /* Searching.swift */; };
		9C35128723F228480082D3B7 /* Sorting.swift in Sources */ = {isa = PBXBuildFile; fileRef = 9C35128623F228480082D3B7 /* Sorting.swift */; };
		9C59BC6223FDE43A0040FB5C /* TreeTraversal.swift in Sources */ = {isa = PBXBuildFile; fileRef = 9C59BC6123FDE43A0040FB5C /* TreeTraversal.swift */; };
		9C6F818E23F3709C004DF85C /* Recursion.swift in Sources */ = {isa = PBXBuildFile; fileRef = 9C6F818D23F3709C004DF85C /* Recursion.swift */; };
		9C6F819023F37624004DF85C /* String+DPStringTool.swift in Sources */ = {isa = PBXBuildFile; fileRef = 9C6F818F23F37624004DF85C /* String+DPStringTool.swift */; };
		9C79D7A523F4A7EF00370767 /* ExhaustiveSearch.swift in Sources */ = {isa = PBXBuildFile; fileRef = 9C79D7A423F4A7EF00370767 /* ExhaustiveSearch.swift */; };
		9C7E12192406527C009BE040 /* LCA.swift in Sources */ = {isa = PBXBuildFile; fileRef = 9C7E12182406527C009BE040 /* LCA.swift */; };
		9C92441823F5FFF60088733B /* Evaluate.swift in Sources */ = {isa = PBXBuildFile; fileRef = 9C92441723F5FFF60088733B /* Evaluate.swift */; };
		9C95188D2407182200966026 /* Graph.swift in Sources */ = {isa = PBXBuildFile; fileRef = 9C95188C2407182200966026 /* Graph.swift */; };
		9C95188F24071F4B00966026 /* UF.swift in Sources */ = {isa = PBXBuildFile; fileRef = 9C95188E24071F4B00966026 /* UF.swift */; };
		9C9518912407456900966026 /* ConnectedComponents.swift in Sources */ = {isa = PBXBuildFile; fileRef = 9C9518902407456900966026 /* ConnectedComponents.swift */; };
		9CA1C4D02404A3DF0049A609 /* BFS.swift in Sources */ = {isa = PBXBuildFile; fileRef = 9CA1C4CF2404A3DF0049A609 /* BFS.swift */; };
		9CE859B324087C440080B4AC /* FloodFill2.swift in Sources */ = {isa = PBXBuildFile; fileRef = 9CE859B224087C440080B4AC /* FloodFill2.swift */; };
		9CE859B62408963F0080B4AC /* DepthFirstSearch.swift in Sources */ = {isa = PBXBuildFile; fileRef = 9CE859B42408963F0080B4AC /* DepthFirstSearch.swift */; };
		9CE859B72408963F0080B4AC /* BreadthFirstSearch.swift in Sources */ = {isa = PBXBuildFile; fileRef = 9CE859B52408963F0080B4AC /* BreadthFirstSearch.swift */; };
		9CE859B9240896620080B4AC /* RealSushi.swift in Sources */ = {isa = PBXBuildFile; fileRef = 9CE859B8240896620080B4AC /* RealSushi.swift */; };
		9CFFF56023F74DDE0018DB8C /* Backtracking.swift in Sources */ = {isa = PBXBuildFile; fileRef = 9CFFF55F23F74DDE0018DB8C /* Backtracking.swift */; };
		9CFFF56223F756160018DB8C /* Evaluate2.swift in Sources */ = {isa = PBXBuildFile; fileRef = 9CFFF56123F756160018DB8C /* Evaluate2.swift */; };
/* End PBXBuildFile section */

/* Begin PBXCopyFilesBuildPhase section */
		9C35127723F21FFA0082D3B7 /* CopyFiles */ = {
			isa = PBXCopyFilesBuildPhase;
			buildActionMask = 2147483647;
			dstPath = /usr/share/man/man1/;
			dstSubfolderSpec = 0;
			files = (
			);
			runOnlyForDeploymentPostprocessing = 1;
		};
/* End PBXCopyFilesBuildPhase section */

/* Begin PBXFileReference section */
		9C0828DC240841A7007C201B /* Error+CustomErrors.swift */ = {isa = PBXFileReference; fileEncoding = 4; lastKnownFileType = sourcecode.swift; path = "Error+CustomErrors.swift"; sourceTree = "<group>"; };
		9C0828DE24084390007C201B /* Stack.swift */ = {isa = PBXFileReference; fileEncoding = 4; lastKnownFileType = sourcecode.swift; path = Stack.swift; sourceTree = "<group>"; };
		9C0828DF24084390007C201B /* Bag.swift */ = {isa = PBXFileReference; fileEncoding = 4; lastKnownFileType = sourcecode.swift; path = Bag.swift; sourceTree = "<group>"; };
		9C0828E024084390007C201B /* Queue.swift */ = {isa = PBXFileReference; fileEncoding = 4; lastKnownFileType = sourcecode.swift; path = Queue.swift; sourceTree = "<group>"; };
		9C17718A2405C779004B26C2 /* DFS.swift */ = {isa = PBXFileReference; lastKnownFileType = sourcecode.swift; path = DFS.swift; sourceTree = "<group>"; };
		9C17718E2405D097004B26C2 /* BipartiteGraph.swift */ = {isa = PBXFileReference; lastKnownFileType = sourcecode.swift; path = BipartiteGraph.swift; sourceTree = "<group>"; };
		9C1771912405EB67004B26C2 /* 547.FriendCircles.swift */ = {isa = PBXFileReference; lastKnownFileType = sourcecode.swift; path = 547.FriendCircles.swift; sourceTree = "<group>"; };
		9C35127923F21FFA0082D3B7 /* SwiftAlgorithmsDataStructures */ = {isa = PBXFileReference; explicitFileType = "compiled.mach-o.executable"; includeInIndex = 0; path = SwiftAlgorithmsDataStructures; sourceTree = BUILT_PRODUCTS_DIR; };
		9C35127C23F21FFA0082D3B7 /* main.swift */ = {isa = PBXFileReference; lastKnownFileType = sourcecode.swift; path = main.swift; sourceTree = "<group>"; };
		9C35128423F220820082D3B7 /* Searching.swift */ = {isa = PBXFileReference; lastKnownFileType = sourcecode.swift; path = Searching.swift; sourceTree = "<group>"; };
		9C35128623F228480082D3B7 /* Sorting.swift */ = {isa = PBXFileReference; lastKnownFileType = sourcecode.swift; path = Sorting.swift; sourceTree = "<group>"; };
		9C59BC6123FDE43A0040FB5C /* TreeTraversal.swift */ = {isa = PBXFileReference; lastKnownFileType = sourcecode.swift; path = TreeTraversal.swift; sourceTree = "<group>"; };
		9C6F818D23F3709C004DF85C /* Recursion.swift */ = {isa = PBXFileReference; lastKnownFileType = sourcecode.swift; path = Recursion.swift; sourceTree = "<group>"; };
		9C6F818F23F37624004DF85C /* String+DPStringTool.swift */ = {isa = PBXFileReference; fileEncoding = 4; lastKnownFileType = sourcecode.swift; path = "String+DPStringTool.swift"; sourceTree = "<group>"; };
		9C6F819123F37BF4004DF85C /* story.txt */ = {isa = PBXFileReference; lastKnownFileType = text; path = story.txt; sourceTree = "<group>"; };
		9C79D7A423F4A7EF00370767 /* ExhaustiveSearch.swift */ = {isa = PBXFileReference; lastKnownFileType = sourcecode.swift; path = ExhaustiveSearch.swift; sourceTree = "<group>"; };
		9C7E12182406527C009BE040 /* LCA.swift */ = {isa = PBXFileReference; lastKnownFileType = sourcecode.swift; path = LCA.swift; sourceTree = "<group>"; };
		9C92441723F5FFF60088733B /* Evaluate.swift */ = {isa = PBXFileReference; lastKnownFileType = sourcecode.swift; path = Evaluate.swift; sourceTree = "<group>"; };
		9C95188C2407182200966026 /* Graph.swift */ = {isa = PBXFileReference; lastKnownFileType = sourcecode.swift; path = Graph.swift; sourceTree = "<group>"; };
		9C95188E24071F4B00966026 /* UF.swift */ = {isa = PBXFileReference; fileEncoding = 4; lastKnownFileType = sourcecode.swift; path = UF.swift; sourceTree = "<group>"; };
		9C9518902407456900966026 /* ConnectedComponents.swift */ = {isa = PBXFileReference; lastKnownFileType = sourcecode.swift; path = ConnectedComponents.swift; sourceTree = "<group>"; };
		9CA1C4CF2404A3DF0049A609 /* BFS.swift */ = {isa = PBXFileReference; lastKnownFileType = sourcecode.swift; path = BFS.swift; sourceTree = "<group>"; };
		9CE859B224087C440080B4AC /* FloodFill2.swift */ = {isa = PBXFileReference; lastKnownFileType = sourcecode.swift; path = FloodFill2.swift; sourceTree = "<group>"; };
		9CE859B42408963F0080B4AC /* DepthFirstSearch.swift */ = {isa = PBXFileReference; fileEncoding = 4; lastKnownFileType = sourcecode.swift; path = DepthFirstSearch.swift; sourceTree = "<group>"; };
		9CE859B52408963F0080B4AC /* BreadthFirstSearch.swift */ = {isa = PBXFileReference; fileEncoding = 4; lastKnownFileType = sourcecode.swift; path = BreadthFirstSearch.swift; sourceTree = "<group>"; };
		9CE859B8240896620080B4AC /* RealSushi.swift */ = {isa = PBXFileReference; fileEncoding = 4; lastKnownFileType = sourcecode.swift; path = RealSushi.swift; sourceTree = "<group>"; };
		9CFFF55F23F74DDE0018DB8C /* Backtracking.swift */ = {isa = PBXFileReference; fileEncoding = 4; lastKnownFileType = sourcecode.swift; name = Backtracking.swift; path = SwiftAlgorithmsDataStructures/Backtracking/Backtracking.swift; sourceTree = SOURCE_ROOT; };
		9CFFF56123F756160018DB8C /* Evaluate2.swift */ = {isa = PBXFileReference; lastKnownFileType = sourcecode.swift; path = Evaluate2.swift; sourceTree = "<group>"; };
/* End PBXFileReference section */

/* Begin PBXFrameworksBuildPhase section */
		9C35127623F21FFA0082D3B7 /* Frameworks */ = {
			isa = PBXFrameworksBuildPhase;
			buildActionMask = 2147483647;
			files = (
			);
			runOnlyForDeploymentPostprocessing = 0;
		};
/* End PBXFrameworksBuildPhase section */

/* Begin PBXGroup section */
		9C0828DB24084181007C201B /* Extensions */ = {
			isa = PBXGroup;
			children = (
				9C0828DC240841A7007C201B /* Error+CustomErrors.swift */,
				9C6F818F23F37624004DF85C /* String+DPStringTool.swift */,
			);
			path = Extensions;
			sourceTree = "<group>";
		};
		9C1771902405EB4F004B26C2 /* LeetCode */ = {
			isa = PBXGroup;
			children = (
				9C1771912405EB67004B26C2 /* 547.FriendCircles.swift */,
			);
			path = LeetCode;
			sourceTree = "<group>";
		};
		9C35127023F21FFA0082D3B7 = {
			isa = PBXGroup;
			children = (
				9C35127B23F21FFA0082D3B7 /* SwiftAlgorithmsDataStructures */,
				9C35127A23F21FFA0082D3B7 /* Products */,
			);
			sourceTree = "<group>";
		};
		9C35127A23F21FFA0082D3B7 /* Products */ = {
			isa = PBXGroup;
			children = (
				9C35127923F21FFA0082D3B7 /* SwiftAlgorithmsDataStructures */,
			);
			name = Products;
			sourceTree = "<group>";
		};
		9C35127B23F21FFA0082D3B7 /* SwiftAlgorithmsDataStructures */ = {
			isa = PBXGroup;
			children = (
				9C0828DB24084181007C201B /* Extensions */,
				9C92441923F601FF0088733B /* Assignments */,
				9CFFF55C23F74D9B0018DB8C /* Backtracking */,
				9C92441A23F602200088733B /* DataStructures */,
				9C79D7A323F4A7D700370767 /* ExhaustiveSearch */,
				9CA1C4CE2404A3C20049A609 /* Graph */,
				9C1771902405EB4F004B26C2 /* LeetCode */,
				9C6F818C23F3708D004DF85C /* Recursion */,
				9C35128323F220580082D3B7 /* SearchingSorting */,
				9C59BC5F23FDE41F0040FB5C /* Tree */,
				9C35127C23F21FFA0082D3B7 /* main.swift */,
			);
			path = SwiftAlgorithmsDataStructures;
			sourceTree = "<group>";
		};
		9C35128323F220580082D3B7 /* SearchingSorting */ = {
			isa = PBXGroup;
			children = (
				9C35128423F220820082D3B7 /* Searching.swift */,
				9C35128623F228480082D3B7 /* Sorting.swift */,
			);
			path = SearchingSorting;
			sourceTree = "<group>";
		};
		9C59BC5F23FDE41F0040FB5C /* Tree */ = {
			isa = PBXGroup;
			children = (
				9C59BC6123FDE43A0040FB5C /* TreeTraversal.swift */,
			);
			path = Tree;
			sourceTree = "<group>";
		};
		9C6F818C23F3708D004DF85C /* Recursion */ = {
			isa = PBXGroup;
			children = (
				9C6F818D23F3709C004DF85C /* Recursion.swift */,
				9C6F819123F37BF4004DF85C /* story.txt */,
			);
			path = Recursion;
			sourceTree = "<group>";
		};
		9C79D7A323F4A7D700370767 /* ExhaustiveSearch */ = {
			isa = PBXGroup;
			children = (
				9C79D7A423F4A7EF00370767 /* ExhaustiveSearch.swift */,
			);
			path = ExhaustiveSearch;
			sourceTree = "<group>";
		};
		9C92441923F601FF0088733B /* Assignments */ = {
			isa = PBXGroup;
			children = (
				9CE859B8240896620080B4AC /* RealSushi.swift */,
				9C92441723F5FFF60088733B /* Evaluate.swift */,
				9CFFF56123F756160018DB8C /* Evaluate2.swift */,
				9C7E12182406527C009BE040 /* LCA.swift */,
				9C95188E24071F4B00966026 /* UF.swift */,
			);
			path = Assignments;
			sourceTree = "<group>";
		};
		9C92441A23F602200088733B /* DataStructures */ = {
			isa = PBXGroup;
			children = (
				9C0828DF24084390007C201B /* Bag.swift */,
				9C0828E024084390007C201B /* Queue.swift */,
				9C0828DE24084390007C201B /* Stack.swift */,
			);
			path = DataStructures;
			sourceTree = "<group>";
		};
		9CA1C4CE2404A3C20049A609 /* Graph */ = {
			isa = PBXGroup;
			children = (
				9CE859B52408963F0080B4AC /* BreadthFirstSearch.swift */,
				9CE859B42408963F0080B4AC /* DepthFirstSearch.swift */,
				9CA1C4CF2404A3DF0049A609 /* BFS.swift */,
				9C17718A2405C779004B26C2 /* DFS.swift */,
				9C17718E2405D097004B26C2 /* BipartiteGraph.swift */,
				9C95188C2407182200966026 /* Graph.swift */,
				9C9518902407456900966026 /* ConnectedComponents.swift */,
				9CE859B224087C440080B4AC /* FloodFill2.swift */,
			);
			path = Graph;
			sourceTree = "<group>";
		};
		9CFFF55C23F74D9B0018DB8C /* Backtracking */ = {
			isa = PBXGroup;
			children = (
				9CFFF55F23F74DDE0018DB8C /* Backtracking.swift */,
			);
			name = Backtracking;
			path = "ㅠㅁ찻ㄱㅁ차ㅑㅜㅎ";
			sourceTree = "<group>";
		};
/* End PBXGroup section */

/* Begin PBXNativeTarget section */
		9C35127823F21FFA0082D3B7 /* SwiftAlgorithmsDataStructures */ = {
			isa = PBXNativeTarget;
			buildConfigurationList = 9C35128023F21FFA0082D3B7 /* Build configuration list for PBXNativeTarget "SwiftAlgorithmsDataStructures" */;
			buildPhases = (
				9C35127523F21FFA0082D3B7 /* Sources */,
				9C35127623F21FFA0082D3B7 /* Frameworks */,
				9C35127723F21FFA0082D3B7 /* CopyFiles */,
			);
			buildRules = (
			);
			dependencies = (
			);
			name = SwiftAlgorithmsDataStructures;
			productName = SwiftAlgorithmsDataStructures;
			productReference = 9C35127923F21FFA0082D3B7 /* SwiftAlgorithmsDataStructures */;
			productType = "com.apple.product-type.tool";
		};
/* End PBXNativeTarget section */

/* Begin PBXProject section */
		9C35127123F21FFA0082D3B7 /* Project object */ = {
			isa = PBXProject;
			attributes = {
				LastSwiftUpdateCheck = 1130;
				LastUpgradeCheck = 1130;
				ORGANIZATIONNAME = "Richard Cho";
				TargetAttributes = {
					9C35127823F21FFA0082D3B7 = {
						CreatedOnToolsVersion = 11.3.1;
					};
				};
			};
			buildConfigurationList = 9C35127423F21FFA0082D3B7 /* Build configuration list for PBXProject "SwiftAlgorithmsDataStructures" */;
			compatibilityVersion = "Xcode 9.3";
			developmentRegion = en;
			hasScannedForEncodings = 0;
			knownRegions = (
				en,
				Base,
			);
			mainGroup = 9C35127023F21FFA0082D3B7;
			productRefGroup = 9C35127A23F21FFA0082D3B7 /* Products */;
			projectDirPath = "";
			projectRoot = "";
			targets = (
				9C35127823F21FFA0082D3B7 /* SwiftAlgorithmsDataStructures */,
			);
		};
/* End PBXProject section */

/* Begin PBXSourcesBuildPhase section */
		9C35127523F21FFA0082D3B7 /* Sources */ = {
			isa = PBXSourcesBuildPhase;
			buildActionMask = 2147483647;
			files = (
				9C1771922405EB67004B26C2 /* 547.FriendCircles.swift in Sources */,
				9C6F818E23F3709C004DF85C /* Recursion.swift in Sources */,
				9C6F819023F37624004DF85C /* String+DPStringTool.swift in Sources */,
				9C0828E324084390007C201B /* Queue.swift in Sources */,
				9C35128523F220820082D3B7 /* Searching.swift in Sources */,
				9C17718F2405D097004B26C2 /* BipartiteGraph.swift in Sources */,
				9C9518912407456900966026 /* ConnectedComponents.swift in Sources */,
				9CE859B72408963F0080B4AC /* BreadthFirstSearch.swift in Sources */,
				9C79D7A523F4A7EF00370767 /* ExhaustiveSearch.swift in Sources */,
				9CFFF56223F756160018DB8C /* Evaluate2.swift in Sources */,
				9CFFF56023F74DDE0018DB8C /* Backtracking.swift in Sources */,
				9C17718B2405C779004B26C2 /* DFS.swift in Sources */,
				9C35127D23F21FFA0082D3B7 /* main.swift in Sources */,
				9CE859B62408963F0080B4AC /* DepthFirstSearch.swift in Sources */,
				9C59BC6223FDE43A0040FB5C /* TreeTraversal.swift in Sources */,
				9C92441823F5FFF60088733B /* Evaluate.swift in Sources */,
				9CE859B9240896620080B4AC /* RealSushi.swift in Sources */,
				9C35128723F228480082D3B7 /* Sorting.swift in Sources */,
				9CE859B324087C440080B4AC /* FloodFill2.swift in Sources */,
				9C7E12192406527C009BE040 /* LCA.swift in Sources */,
				9C0828DD240841A7007C201B /* Error+CustomErrors.swift in Sources */,
				9C0828E224084390007C201B /* Bag.swift in Sources */,
				9C0828E124084390007C201B /* Stack.swift in Sources */,
				9C95188D2407182200966026 /* Graph.swift in Sources */,
				9C95188F24071F4B00966026 /* UF.swift in Sources */,
				9CA1C4D02404A3DF0049A609 /* BFS.swift in Sources */,
			);
			runOnlyForDeploymentPostprocessing = 0;
		};
/* End PBXSourcesBuildPhase section */

/* Begin XCBuildConfiguration section */
		9C35127E23F21FFA0082D3B7 /* Debug */ = {
			isa = XCBuildConfiguration;
			buildSettings = {
				ALWAYS_SEARCH_USER_PATHS = NO;
				CLANG_ANALYZER_NONNULL = YES;
				CLANG_ANALYZER_NUMBER_OBJECT_CONVERSION = YES_AGGRESSIVE;
				CLANG_CXX_LANGUAGE_STANDARD = "gnu++14";
				CLANG_CXX_LIBRARY = "libc++";
				CLANG_ENABLE_MODULES = YES;
				CLANG_ENABLE_OBJC_ARC = YES;
				CLANG_ENABLE_OBJC_WEAK = YES;
				CLANG_WARN_BLOCK_CAPTURE_AUTORELEASING = YES;
				CLANG_WARN_BOOL_CONVERSION = YES;
				CLANG_WARN_COMMA = YES;
				CLANG_WARN_CONSTANT_CONVERSION = YES;
				CLANG_WARN_DEPRECATED_OBJC_IMPLEMENTATIONS = YES;
				CLANG_WARN_DIRECT_OBJC_ISA_USAGE = YES_ERROR;
				CLANG_WARN_DOCUMENTATION_COMMENTS = YES;
				CLANG_WARN_EMPTY_BODY = YES;
				CLANG_WARN_ENUM_CONVERSION = YES;
				CLANG_WARN_INFINITE_RECURSION = YES;
				CLANG_WARN_INT_CONVERSION = YES;
				CLANG_WARN_NON_LITERAL_NULL_CONVERSION = YES;
				CLANG_WARN_OBJC_IMPLICIT_RETAIN_SELF = YES;
				CLANG_WARN_OBJC_LITERAL_CONVERSION = YES;
				CLANG_WARN_OBJC_ROOT_CLASS = YES_ERROR;
				CLANG_WARN_RANGE_LOOP_ANALYSIS = YES;
				CLANG_WARN_STRICT_PROTOTYPES = YES;
				CLANG_WARN_SUSPICIOUS_MOVE = YES;
				CLANG_WARN_UNGUARDED_AVAILABILITY = YES_AGGRESSIVE;
				CLANG_WARN_UNREACHABLE_CODE = YES;
				CLANG_WARN__DUPLICATE_METHOD_MATCH = YES;
				COPY_PHASE_STRIP = NO;
				DEBUG_INFORMATION_FORMAT = dwarf;
				ENABLE_STRICT_OBJC_MSGSEND = YES;
				ENABLE_TESTABILITY = YES;
				GCC_C_LANGUAGE_STANDARD = gnu11;
				GCC_DYNAMIC_NO_PIC = NO;
				GCC_NO_COMMON_BLOCKS = YES;
				GCC_OPTIMIZATION_LEVEL = 0;
				GCC_PREPROCESSOR_DEFINITIONS = (
					"DEBUG=1",
					"$(inherited)",
				);
				GCC_WARN_64_TO_32_BIT_CONVERSION = YES;
				GCC_WARN_ABOUT_RETURN_TYPE = YES_ERROR;
				GCC_WARN_UNDECLARED_SELECTOR = YES;
				GCC_WARN_UNINITIALIZED_AUTOS = YES_AGGRESSIVE;
				GCC_WARN_UNUSED_FUNCTION = YES;
				GCC_WARN_UNUSED_VARIABLE = YES;
				MACOSX_DEPLOYMENT_TARGET = 10.15;
				MTL_ENABLE_DEBUG_INFO = INCLUDE_SOURCE;
				MTL_FAST_MATH = YES;
				ONLY_ACTIVE_ARCH = YES;
				SDKROOT = macosx;
				SWIFT_ACTIVE_COMPILATION_CONDITIONS = DEBUG;
				SWIFT_OPTIMIZATION_LEVEL = "-Onone";
			};
			name = Debug;
		};
		9C35127F23F21FFA0082D3B7 /* Release */ = {
			isa = XCBuildConfiguration;
			buildSettings = {
				ALWAYS_SEARCH_USER_PATHS = NO;
				CLANG_ANALYZER_NONNULL = YES;
				CLANG_ANALYZER_NUMBER_OBJECT_CONVERSION = YES_AGGRESSIVE;
				CLANG_CXX_LANGUAGE_STANDARD = "gnu++14";
				CLANG_CXX_LIBRARY = "libc++";
				CLANG_ENABLE_MODULES = YES;
				CLANG_ENABLE_OBJC_ARC = YES;
				CLANG_ENABLE_OBJC_WEAK = YES;
				CLANG_WARN_BLOCK_CAPTURE_AUTORELEASING = YES;
				CLANG_WARN_BOOL_CONVERSION = YES;
				CLANG_WARN_COMMA = YES;
				CLANG_WARN_CONSTANT_CONVERSION = YES;
				CLANG_WARN_DEPRECATED_OBJC_IMPLEMENTATIONS = YES;
				CLANG_WARN_DIRECT_OBJC_ISA_USAGE = YES_ERROR;
				CLANG_WARN_DOCUMENTATION_COMMENTS = YES;
				CLANG_WARN_EMPTY_BODY = YES;
				CLANG_WARN_ENUM_CONVERSION = YES;
				CLANG_WARN_INFINITE_RECURSION = YES;
				CLANG_WARN_INT_CONVERSION = YES;
				CLANG_WARN_NON_LITERAL_NULL_CONVERSION = YES;
				CLANG_WARN_OBJC_IMPLICIT_RETAIN_SELF = YES;
				CLANG_WARN_OBJC_LITERAL_CONVERSION = YES;
				CLANG_WARN_OBJC_ROOT_CLASS = YES_ERROR;
				CLANG_WARN_RANGE_LOOP_ANALYSIS = YES;
				CLANG_WARN_STRICT_PROTOTYPES = YES;
				CLANG_WARN_SUSPICIOUS_MOVE = YES;
				CLANG_WARN_UNGUARDED_AVAILABILITY = YES_AGGRESSIVE;
				CLANG_WARN_UNREACHABLE_CODE = YES;
				CLANG_WARN__DUPLICATE_METHOD_MATCH = YES;
				COPY_PHASE_STRIP = NO;
				DEBUG_INFORMATION_FORMAT = "dwarf-with-dsym";
				ENABLE_NS_ASSERTIONS = NO;
				ENABLE_STRICT_OBJC_MSGSEND = YES;
				GCC_C_LANGUAGE_STANDARD = gnu11;
				GCC_NO_COMMON_BLOCKS = YES;
				GCC_WARN_64_TO_32_BIT_CONVERSION = YES;
				GCC_WARN_ABOUT_RETURN_TYPE = YES_ERROR;
				GCC_WARN_UNDECLARED_SELECTOR = YES;
				GCC_WARN_UNINITIALIZED_AUTOS = YES_AGGRESSIVE;
				GCC_WARN_UNUSED_FUNCTION = YES;
				GCC_WARN_UNUSED_VARIABLE = YES;
				MACOSX_DEPLOYMENT_TARGET = 10.15;
				MTL_ENABLE_DEBUG_INFO = NO;
				MTL_FAST_MATH = YES;
				SDKROOT = macosx;
				SWIFT_COMPILATION_MODE = wholemodule;
				SWIFT_OPTIMIZATION_LEVEL = "-O";
			};
			name = Release;
		};
		9C35128123F21FFA0082D3B7 /* Debug */ = {
			isa = XCBuildConfiguration;
			buildSettings = {
				CODE_SIGN_STYLE = Automatic;
				DEVELOPMENT_TEAM = JZRKW6S835;
				ENABLE_HARDENED_RUNTIME = YES;
				PRODUCT_NAME = "$(TARGET_NAME)";
				SWIFT_VERSION = 5.0;
			};
			name = Debug;
		};
		9C35128223F21FFA0082D3B7 /* Release */ = {
			isa = XCBuildConfiguration;
			buildSettings = {
				CODE_SIGN_STYLE = Automatic;
				DEVELOPMENT_TEAM = JZRKW6S835;
				ENABLE_HARDENED_RUNTIME = YES;
				PRODUCT_NAME = "$(TARGET_NAME)";
				SWIFT_VERSION = 5.0;
			};
			name = Release;
		};
/* End XCBuildConfiguration section */

/* Begin XCConfigurationList section */
		9C35127423F21FFA0082D3B7 /* Build configuration list for PBXProject "SwiftAlgorithmsDataStructures" */ = {
			isa = XCConfigurationList;
			buildConfigurations = (
				9C35127E23F21FFA0082D3B7 /* Debug */,
				9C35127F23F21FFA0082D3B7 /* Release */,
			);
			defaultConfigurationIsVisible = 0;
			defaultConfigurationName = Release;
		};
		9C35128023F21FFA0082D3B7 /* Build configuration list for PBXNativeTarget "SwiftAlgorithmsDataStructures" */ = {
			isa = XCConfigurationList;
			buildConfigurations = (
				9C35128123F21FFA0082D3B7 /* Debug */,
				9C35128223F21FFA0082D3B7 /* Release */,
			);
			defaultConfigurationIsVisible = 0;
			defaultConfigurationName = Release;
		};
/* End XCConfigurationList section */
	};
	rootObject = 9C35127123F21FFA0082D3B7 /* Project object */;
}
